# This file is automatically @generated by Poetry 1.8.4 and should not be changed by hand.

[[package]]
name = "click"
version = "8.3.1"
description = "Composable command line interface toolkit"
optional = false
python-versions = ">=3.10"
files = [
    {file = "click-8.3.1-py3-none-any.whl", hash = "sha256:981153a64e25f12d547d3426c367a4857371575ee7ad18df2a6183ab0545b2a6"},
    {file = "click-8.3.1.tar.gz", hash = "sha256:12ff4785d337a1bb490bb7e9c2b1ee5da3112e94a8622f26a6c77f5d2fc6842a"},
]

[package.dependencies]
colorama = {version = "*", markers = "platform_system == \"Windows\""}

[[package]]
name = "colorama"
version = "0.4.6"
description = "Cross-platform colored terminal text."
optional = false
python-versions = "!=3.0.*,!=3.1.*,!=3.2.*,!=3.3.*,!=3.4.*,!=3.5.*,!=3.6.*,>=2.7"
files = [
    {file = "colorama-0.4.6-py2.py3-none-any.whl", hash = "sha256:4f1d9991f5acc0ca119f9d443620b77f9d6b33703e51011c16baf57afb285fc6"},
    {file = "colorama-0.4.6.tar.gz", hash = "sha256:08695f5cb7ed6e0531a20572697297273c47b8cae5a63ffc6d6ed5c201be6e44"},
]

[[package]]
name = "cstruct"
version = "6.1"
description = "C-style structs for Python"
optional = false
python-versions = ">=3.6"
files = [
    {file = "cstruct-6.1-py2.py3-none-any.whl", hash = "sha256:8f607cc9ebd704c42a55d1ed54deb3af7fd4fa381e8cb3151c18ea124c4e83d1"},
    {file = "cstruct-6.1.tar.gz", hash = "sha256:1e7af7b52c8dd3a6ad66df7e481150e4e273ec508950b4a0051e116375b7f28a"},
]

[package.extras]
test = ["pytest"]

[[package]]
name = "lzallright"
version = "0.2.6"
description = "A Python 3.8+ binding for LZ👌(lzokay) library"
optional = false
python-versions = ">=3.8"
files = [
    {file = "lzallright-0.2.6-cp313-cp313t-macosx_10_12_x86_64.whl", hash = "sha256:d3945571f95292abcd20bf771b89c0790f3a819febab80336fa97d37f11ffd2f"},
    {file = "lzallright-0.2.6-cp313-cp313t-manylinux_2_17_aarch64.manylinux2014_aarch64.whl", hash = "sha256:5e9f6f6ea4a00ed6767b984b10edbb076707efcf3a83e29a819cc6467c8d3b6f"},
    {file = "lzallright-0.2.6-cp313-cp313t-manylinux_2_17_x86_64.manylinux2014_x86_64.whl", hash = "sha256:10549563dcc9360a3e6c622ef79a91b9ed0e11fa3ff5ca7a4a19de436841c97d"},
    {file = "lzallright-0.2.6-cp313-cp313t-manylinux_2_5_i686.manylinux1_i686.whl", hash = "sha256:af34c732607aa95a4c791b1e7b65088433d98d02d373a73be7a0b2a12112583b"},
    {file = "lzallright-0.2.6-cp313-cp313t-musllinux_1_1_aarch64.whl", hash = "sha256:80a4cd499c9a3e20b1e65682afae402ee17ff135e84cca347ae87149fb285348"},
    {file = "lzallright-0.2.6-cp313-cp313t-musllinux_1_1_x86_64.whl", hash = "sha256:2c59c0375cb4893f8b15745a92b8f9b8c3612f99a91e981c2d464e7d81be1c2d"},
    {file = "lzallright-0.2.6-cp313-cp313t-win_amd64.whl", hash = "sha256:32056f4305289f7b319c1c4599976ba076d08c2e0c09e7624dc22870b4417215"},
    {file = "lzallright-0.2.6-cp38-abi3-macosx_10_12_x86_64.whl", hash = "sha256:c6ffcda4ae2868c97b6bb3de03ad478c9b64a1025bd204e295e377b5370c6379"},
    {file = "lzallright-0.2.6-cp38-abi3-macosx_11_0_arm64.whl", hash = "sha256:d5895100ddd2bc55cf85b0743c2c7797bd49fd0f2ff90bbdde6fb99a34cb586b"},
    {file = "lzallright-0.2.6-cp38-abi3-manylinux_2_17_aarch64.manylinux2014_aarch64.whl", hash = "sha256:c733d7cbcd253c1ae70b49164b047e24db0f797148a2fda976663e34e3245114"},
    {file = "lzallright-0.2.6-cp38-abi3-manylinux_2_17_x86_64.manylinux2014_x86_64.whl", hash = "sha256:bad91a3b9dde691a1aef2201f5d5dfa478ded10095383f76504532859a84fb48"},
    {file = "lzallright-0.2.6-cp38-abi3-manylinux_2_5_i686.manylinux1_i686.whl", hash = "sha256:d85ce6456a9fd546752e98cc81337eb8b9c22ef583d9c43eec079ed221f3c8b4"},
    {file = "lzallright-0.2.6-cp38-abi3-musllinux_1_1_aarch64.whl", hash = "sha256:e73574775f3b34172fef0c8c04c469aff43aaa181dc27e5f6cbcc6531fe87111"},
    {file = "lzallright-0.2.6-cp38-abi3-musllinux_1_1_x86_64.whl", hash = "sha256:e765d575792746d9c08d2f3b8daa18fbb9c921eb74e7fff52f58991688e539be"},
    {file = "lzallright-0.2.6-cp38-abi3-win32.whl", hash = "sha256:5719ba092d1ba7157e8236fdff9e82b6186aaf23d8d23c994f3b1cd31b83dd9a"},
    {file = "lzallright-0.2.6-cp38-abi3-win_amd64.whl", hash = "sha256:0022a1bbaac84380fe1a143066cbd535b42563cbe39c38b2435b1d96a06d9ff4"},
    {file = "lzallright-0.2.6.tar.gz", hash = "sha256:15917d4e5aadf601b58da0bbf034c5715853fffe843a3ee4b5040ae0e5d954ad"},
]

[metadata]
lock-version = "2.0"
python-versions = ">=3.10"
content-hash = "998cb150b2e4f9d5cbd05bcd27dfae265d51a2f8e9acfb0ea7f3972addd8e6ed"
